
Microsoft Visual Studio Solution File, Format Version 12.00
# Visual Studio Version 16
VisualStudioVersion = 16.0.29905.134
MinimumVisualStudioVersion = 10.0.40219.1
Project("{FAE04EC0-301F-11D3-BF4B-00C04F79EFBC}") = "3 en raya", "3 en raya.csproj", "{DB1F50B8-31BF-4696-922A-5734EF7BA72B}"
EndProject
Global
	GlobalSection(SolutionConfigurationPlatforms) = preSolution
		Debug|Any CPU = Debug|Any CPU
		Release|Any CPU = Release|Any CPU
	EndGlobalSection
	GlobalSection(ProjectConfigurationPlatforms) = postSolution
		{DB1F50B8-31BF-4696-922A-5734EF7BA72B}.Debug|Any CPU.ActiveCfg = Debug|Any CPU
		{DB1F50B8-31BF-4696-922A-5734EF7BA72B}.Debug|Any CPU.Build.0 = Debug|Any CPU
		{DB1F50B8-31BF-4696-922A-5734EF7BA72B}.Release|Any CPU.ActiveCfg = Release|Any CPU
		{DB1F50B8-31BF-4696-922A-5734EF7BA72B}.Release|Any CPU.Build.0 = Release|Any CPU
	EndGlobalSection
	GlobalSection(SolutionProperties) = preSolution
		HideSolutionNode = FALSE
	EndGlobalSection
	GlobalSection(ExtensibilityGlobals) = postSolution
		SolutionGuid = {5E126A16-D610-4C27-811F-32A35A8F2682}
	EndGlobalSection
EndGlobal
